# THIS IS AN AUTOGENERATED FILE. DO NOT EDIT THIS FILE DIRECTLY.
# yarn lockfile v1


"@cspotcode/source-map-support@^0.8.0":
  version "0.8.1"
  resolved "https://registry.npmjs.org/@cspotcode/source-map-support/-/source-map-support-0.8.1.tgz"
  integrity sha512-IchNf6dN4tHoMFIn/7OE8LWZ19Y6q/67Bmf6vnGREv8RSbBVb9LPJxEcnwrcwX6ixSvaiGoomAUvu4YSxXrVgw==
  dependencies:
    "@jridgewell/trace-mapping" "0.3.9"

"@discordjs/builders@^1.12.1":
  version "1.12.2"
  resolved "https://registry.npmjs.org/@discordjs/builders/-/builders-1.12.2.tgz"
  integrity sha512-AugKmrgRJOHXEyMkABH/hXpAmIBKbYokCEl9VAM4Kh6FvkdobQ+Zhv7AR6K+y5hS7+VQ7gKXPYCe1JQmV07H1g==
  dependencies:
    "@discordjs/formatters" "^0.6.1"
    "@discordjs/util" "^1.1.1"
    "@sapphire/shapeshift" "^4.0.0"
    discord-api-types "^0.38.26"
    fast-deep-equal "^3.1.3"
    ts-mixer "^6.0.4"
    tslib "^2.6.3"

"@discordjs/collection@1.5.3":
  version "1.5.3"
  resolved "https://registry.npmjs.org/@discordjs/collection/-/collection-1.5.3.tgz"
  integrity sha512-SVb428OMd3WO1paV3rm6tSjM4wC+Kecaa1EUGX7vc6/fddvw/6lg90z4QtCqm21zvVe92vMMDt9+DkIvjXImQQ==

"@discordjs/collection@^2.1.0", "@discordjs/collection@^2.1.1":
  version "2.1.1"
  resolved "https://registry.npmjs.org/@discordjs/collection/-/collection-2.1.1.tgz"
  integrity sha512-LiSusze9Tc7qF03sLCujF5iZp7K+vRNEDBZ86FT9aQAv3vxMLihUvKvpsCWiQ2DJq1tVckopKm1rxomgNUc9hg==

"@discordjs/formatters@^0.6.1":
  version "0.6.1"
  resolved "https://registry.npmjs.org/@discordjs/formatters/-/formatters-0.6.1.tgz"
  integrity sha512-5cnX+tASiPCqCWtFcFslxBVUaCetB0thvM/JyavhbXInP1HJIEU+Qv/zMrnuwSsX3yWH2lVXNJZeDK3EiP4HHg==
  dependencies:
    discord-api-types "^0.38.1"

"@discordjs/rest@^2.5.1", "@discordjs/rest@^2.6.0":
  version "2.6.0"
  resolved "https://registry.npmjs.org/@discordjs/rest/-/rest-2.6.0.tgz"
  integrity sha512-RDYrhmpB7mTvmCKcpj+pc5k7POKszS4E2O9TYc+U+Y4iaCP+r910QdO43qmpOja8LRr1RJ0b3U+CqVsnPqzf4w==
  dependencies:
    "@discordjs/collection" "^2.1.1"
    "@discordjs/util" "^1.1.1"
    "@sapphire/async-queue" "^1.5.3"
    "@sapphire/snowflake" "^3.5.3"
    "@vladfrangu/async_event_emitter" "^2.4.6"
    discord-api-types "^0.38.16"
    magic-bytes.js "^1.10.0"
    tslib "^2.6.3"
    undici "6.21.3"

"@discordjs/util@^1.1.0", "@discordjs/util@^1.1.1":
  version "1.1.1"
  resolved "https://registry.npmjs.org/@discordjs/util/-/util-1.1.1.tgz"
  integrity sha512-eddz6UnOBEB1oITPinyrB2Pttej49M9FZQY8NxgEvc3tq6ZICZ19m70RsmzRdDHk80O9NoYN/25AqJl8vPVf/g==

"@discordjs/voice@^0.19.0":
  version "0.19.0"
  resolved "https://registry.yarnpkg.com/@discordjs/voice/-/voice-0.19.0.tgz#65590eaa5e54dd555358d24a89f1400f1779cb95"
  integrity sha512-UyX6rGEXzVyPzb1yvjHtPfTlnLvB5jX/stAMdiytHhfoydX+98hfympdOwsnTktzr+IRvphxTbdErgYDJkEsvw==
  dependencies:
    "@types/ws" "^8.18.1"
    discord-api-types "^0.38.16"
    prism-media "^1.3.5"
    tslib "^2.8.1"
    ws "^8.18.3"

"@discordjs/ws@^1.2.3":
  version "1.2.3"
  resolved "https://registry.npmjs.org/@discordjs/ws/-/ws-1.2.3.tgz"
  integrity sha512-wPlQDxEmlDg5IxhJPuxXr3Vy9AjYq5xCvFWGJyD7w7Np8ZGu+Mc+97LCoEc/+AYCo2IDpKioiH0/c/mj5ZR9Uw==
  dependencies:
    "@discordjs/collection" "^2.1.0"
    "@discordjs/rest" "^2.5.1"
    "@discordjs/util" "^1.1.0"
    "@sapphire/async-queue" "^1.5.2"
    "@types/ws" "^8.5.10"
    "@vladfrangu/async_event_emitter" "^2.2.4"
    discord-api-types "^0.38.1"
    tslib "^2.6.2"
    ws "^8.17.0"

"@emnapi/core@^1.5.0":
  version "1.6.0"
  resolved "https://registry.yarnpkg.com/@emnapi/core/-/core-1.6.0.tgz#517f65d1c8270d5d5aa1aad660d5acb897430dca"
  integrity sha512-zq/ay+9fNIJJtJiZxdTnXS20PllcYMX3OE23ESc4HK/bdYu3cOWYVhsOhVnXALfU/uqJIxn5NBPd9z4v+SfoSg==
  dependencies:
    "@emnapi/wasi-threads" "1.1.0"
    tslib "^2.4.0"

"@emnapi/runtime@^1.5.0":
  version "1.6.0"
  resolved "https://registry.yarnpkg.com/@emnapi/runtime/-/runtime-1.6.0.tgz#8fe297e0090f6e89a57a1f31f1c440bdbc3c01d8"
  integrity sha512-obtUmAHTMjll499P+D9A3axeJFlhdjOWdKUNs/U6QIGT7V5RjcUW1xToAzjvmgTSQhDbYn/NwfTRoJcQ2rNBxA==
  dependencies:
    tslib "^2.4.0"

"@emnapi/wasi-threads@1.1.0":
  version "1.1.0"
  resolved "https://registry.yarnpkg.com/@emnapi/wasi-threads/-/wasi-threads-1.1.0.tgz#60b2102fddc9ccb78607e4a3cf8403ea69be41bf"
  integrity sha512-WI0DdZ8xFSbgMjR1sFsKABJ/C5OnRrjT06JXbZKexJGrDuPTzZdDYfFlsgcCXCyf+suG5QU2e/y1Wo2V/OapLQ==
  dependencies:
    tslib "^2.4.0"

"@jridgewell/resolve-uri@^3.0.3":
  version "3.1.2"
  resolved "https://registry.npmjs.org/@jridgewell/resolve-uri/-/resolve-uri-3.1.2.tgz"
  integrity sha512-bRISgCIjP20/tbWSPWMEi54QVPRZExkuD9lJL+UIxUKtwVJA8wW1Trb1jMs1RFXo1CBTNZ/5hpC9QvmKWdopKw==

"@jridgewell/sourcemap-codec@^1.4.10":
  version "1.5.5"
  resolved "https://registry.npmjs.org/@jridgewell/sourcemap-codec/-/sourcemap-codec-1.5.5.tgz"
  integrity sha512-cYQ9310grqxueWbl+WuIUIaiUaDcj7WOq5fVhEljNVgRfOUhY9fy2zTvfoqWsnebh8Sl70VScFbICvJnLKB0Og==

"@jridgewell/trace-mapping@0.3.9":
  version "0.3.9"
  resolved "https://registry.npmjs.org/@jridgewell/trace-mapping/-/trace-mapping-0.3.9.tgz"
  integrity sha512-3Belt6tdc8bPgAtbcmdtNJlirVoTmEb5e2gC94PnkwEW9jI6CAHUeoG85tjWP5WquqfavoMtMwiG4P926ZKKuQ==
  dependencies:
    "@jridgewell/resolve-uri" "^3.0.3"
    "@jridgewell/sourcemap-codec" "^1.4.10"

"@napi-rs/wasm-runtime@^1.0.5":
  version "1.0.7"
  resolved "https://registry.yarnpkg.com/@napi-rs/wasm-runtime/-/wasm-runtime-1.0.7.tgz#dcfea99a75f06209a235f3d941e3460a51e9b14c"
  integrity sha512-SeDnOO0Tk7Okiq6DbXmmBODgOAb9dp9gjlphokTUxmt8U3liIP1ZsozBahH69j/RJv+Rfs6IwUKHTgQYJ/HBAw==
  dependencies:
    "@emnapi/core" "^1.5.0"
    "@emnapi/runtime" "^1.5.0"
    "@tybys/wasm-util" "^0.10.1"

"@sapphire/async-queue@^1.5.2", "@sapphire/async-queue@^1.5.3":
  version "1.5.5"
  resolved "https://registry.npmjs.org/@sapphire/async-queue/-/async-queue-1.5.5.tgz"
  integrity sha512-cvGzxbba6sav2zZkH8GPf2oGk9yYoD5qrNWdu9fRehifgnFZJMV+nuy2nON2roRO4yQQ+v7MK/Pktl/HgfsUXg==

"@sapphire/shapeshift@^4.0.0":
  version "4.0.0"
  resolved "https://registry.npmjs.org/@sapphire/shapeshift/-/shapeshift-4.0.0.tgz"
  integrity sha512-d9dUmWVA7MMiKobL3VpLF8P2aeanRTu6ypG2OIaEv/ZHH/SUQ2iHOVyi5wAPjQ+HmnMuL0whK9ez8I/raWbtIg==
  dependencies:
    fast-deep-equal "^3.1.3"
    lodash "^4.17.21"

"@sapphire/snowflake@3.5.3":
  version "3.5.3"
  resolved "https://registry.npmjs.org/@sapphire/snowflake/-/snowflake-3.5.3.tgz"
  integrity sha512-jjmJywLAFoWeBi1W7994zZyiNWPIiqRRNAmSERxyg93xRGzNYvGjlZ0gR6x0F4gPRi2+0O6S71kOZYyr3cxaIQ==

"@sapphire/snowflake@^3.5.3":
  version "3.5.5"
  resolved "https://registry.npmjs.org/@sapphire/snowflake/-/snowflake-3.5.5.tgz"
  integrity sha512-xzvBr1Q1c4lCe7i6sRnrofxeO1QTP/LKQ6A6qy0iB4x5yfiSfARMEQEghojzTNALDTcv8En04qYNIco9/K9eZQ==

"@snazzah/davey-android-arm-eabi@0.1.7":
  version "0.1.7"
  resolved "https://registry.yarnpkg.com/@snazzah/davey-android-arm-eabi/-/davey-android-arm-eabi-0.1.7.tgz#811a75536563cf08272b768a0243b7b8e9f2456b"
  integrity sha512-GxkEpfFtaS8xZHN42NkTQhLFdYCQ9qxJvmG+qwYDL+wdv3s7Dl44o2lg5gwGOtQU8EZw9/lZkYi9TenYkStbFg==

"@snazzah/davey-android-arm64@0.1.7":
  version "0.1.7"
  resolved "https://registry.yarnpkg.com/@snazzah/davey-android-arm64/-/davey-android-arm64-0.1.7.tgz#b5c10866d3fd8b66dfa9173d5ffa9161c705aff8"
  integrity sha512-EkC1Wz3IMBZfbaCE82+peV+vEFVCRL3HxTRKGIY5AXzkKGQSJJ7Est/6h9vTcQbBEbMj2RAXRbwcydukWJR2vg==

"@snazzah/davey-darwin-arm64@0.1.7":
  version "0.1.7"
  resolved "https://registry.yarnpkg.com/@snazzah/davey-darwin-arm64/-/davey-darwin-arm64-0.1.7.tgz#43a0945bd00478d41cfdf9e3c6bf3bb6f02f0e95"
  integrity sha512-Iov5NUjhl5Q9XZHIuGLzd9PgQPm8ELI9NPiNt3r6VtSVHLp9/ktOgzaeEji0WnvvirrSb9MdpfTuyHnJjEXuRQ==

"@snazzah/davey-darwin-x64@0.1.7":
  version "0.1.7"
  resolved "https://registry.yarnpkg.com/@snazzah/davey-darwin-x64/-/davey-darwin-x64-0.1.7.tgz#7285a02d4f5987661d73c41eadfc44641ca98c34"
  integrity sha512-P7WqV/9ttSW2kHlC1WME8ykMeo0LJBzqbC9lZ2aYH4IEdb5mp4lCzb82mcEc99Nxi8878c0k5Qaza6z4KeSdIA==

"@snazzah/davey-freebsd-x64@0.1.7":
  version "0.1.7"
  resolved "https://registry.yarnpkg.com/@snazzah/davey-freebsd-x64/-/davey-freebsd-x64-0.1.7.tgz#602ec5c5745fa9054e981141ed824b4a51cd300c"
  integrity sha512-O8QxS4jGPCvvHa5EJIvP0Dm2JkMqe1RnfDU0qnIcSwzJseqQqwpM5vXSMt9E2Mi58RiUGwTRefr0I9+ttCrDzg==

"@snazzah/davey-linux-arm-gnueabihf@0.1.7":
  version "0.1.7"
  resolved "https://registry.yarnpkg.com/@snazzah/davey-linux-arm-gnueabihf/-/davey-linux-arm-gnueabihf-0.1.7.tgz#30eb15723ca431788ae9719d0861804d8a5329dc"
  integrity sha512-30Gzhbg7kBbbg/Vdb75c5DUvHrwRglIXtTK0L3paxo5TCNXNFdfnSX5oLGjV4s1pyoFL8nWyq3/IzCcUIcHx5Q==

"@snazzah/davey-linux-arm64-gnu@0.1.7":
  version "0.1.7"
  resolved "https://registry.yarnpkg.com/@snazzah/davey-linux-arm64-gnu/-/davey-linux-arm64-gnu-0.1.7.tgz#e3c197cabcd079ea7ca3e8f12b2e3eeafd19c6e7"
  integrity sha512-kDpbZEb24bn84yDG7gG8KTLL1sTl+UHPEt83qD5G3Sm7L37DN+uABN4nw51wst1JzxWphq7tvSSjfqz9NES4Xg==

"@snazzah/davey-linux-arm64-musl@0.1.7":
  version "0.1.7"
  resolved "https://registry.yarnpkg.com/@snazzah/davey-linux-arm64-musl/-/davey-linux-arm64-musl-0.1.7.tgz#572917a5217e77fff3092bcdbdce444e7a423f6d"
  integrity sha512-J+6CnJ34OaoFYq9f8BQPSXWMF3HRjKg5UCEb0E64Q7wMz5+6o7hACd7kVjKnG3as7IjGMcgp6/SNtrht79ntjQ==

"@snazzah/davey-linux-x64-gnu@0.1.7":
  version "0.1.7"
  resolved "https://registry.yarnpkg.com/@snazzah/davey-linux-x64-gnu/-/davey-linux-x64-gnu-0.1.7.tgz#6d36e06e53c7f4b289ce3f3e8f2b4ed3a01701b2"
  integrity sha512-7+I6LN43WkALjrQGm/pp1fQg84pSnwicsLPZKthlEi1L2UP2d9k8JEtnhHXJ4pymLuPsAZu5nC8QMDoIJy+exw==

"@snazzah/davey-linux-x64-musl@0.1.7":
  version "0.1.7"
  resolved "https://registry.yarnpkg.com/@snazzah/davey-linux-x64-musl/-/davey-linux-x64-musl-0.1.7.tgz#25066747ca964f2f6e2534eab6301c60d1208e44"
  integrity sha512-N17vBRkU401w8EOvHVem2di/zAqv3CDgm7LAnONm8S/CNpAeLQWrhbHdN6RHZEyhQk2trnfPh4+wiZbAoXek0A==

"@snazzah/davey-wasm32-wasi@0.1.7":
  version "0.1.7"
  resolved "https://registry.yarnpkg.com/@snazzah/davey-wasm32-wasi/-/davey-wasm32-wasi-0.1.7.tgz#d6b05461588b4ce56b1fbf06fba96dfeeca40cce"
  integrity sha512-BhtNJpqmP69sdSf5eyDqlIsZSjkHo6FebaXaYVH0qf3V9YYQdEbbjep3MrcIL2F0STfpceSi2v+vZTTwlZBbKw==
  dependencies:
    "@napi-rs/wasm-runtime" "^1.0.5"

"@snazzah/davey-win32-arm64-msvc@0.1.7":
  version "0.1.7"
  resolved "https://registry.yarnpkg.com/@snazzah/davey-win32-arm64-msvc/-/davey-win32-arm64-msvc-0.1.7.tgz#9653c936453c42e1098e4e095ae5cfbe16c1d0df"
  integrity sha512-oj/F1eQRQggMwqXNq6CY4UTqcFcCi/Wug99jWH8LepLVsYUdFxQUNTqkp51qarT+lbuX4L/ZZqZX4y4dhz6Lvg==

"@snazzah/davey-win32-ia32-msvc@0.1.7":
  version "0.1.7"
  resolved "https://registry.yarnpkg.com/@snazzah/davey-win32-ia32-msvc/-/davey-win32-ia32-msvc-0.1.7.tgz#af583d52bcb1f4a7378ae141fe07f0b841a10e61"
  integrity sha512-T1qPP/pQm0qDaM7QGCYMzeXE1Xes0b3ckAQS2m27dt3FkD1Ki8FX2g77dcGOWqGkzDlNJj1drw/9QlgCt3Tcrw==

"@snazzah/davey-win32-x64-msvc@0.1.7":
  version "0.1.7"
  resolved "https://registry.yarnpkg.com/@snazzah/davey-win32-x64-msvc/-/davey-win32-x64-msvc-0.1.7.tgz#b5196f1b5a19aef46b49287b461230c0c913a5cf"
  integrity sha512-Z2NhImUYeApi/lNn7MBcn14dPa2dtgnp5taz43JDaPpl+2cinDm9kYjpFzJE9SZMlfsa//p2dhE9B8TEVi9bHQ==

"@snazzah/davey@^0.1.7":
  version "0.1.7"
  resolved "https://registry.yarnpkg.com/@snazzah/davey/-/davey-0.1.7.tgz#41c5ee0936411582758f5de09919f98cc4afc4c9"
  integrity sha512-qBWp9sHf9vvKqDhg2AGOgWjB9q7MZat2CAPIcaXe+XFWl7nCmriRnDcdIRy7CwKWK+ECiuO29/RSxxKuulo28w==
  optionalDependencies:
    "@snazzah/davey-android-arm-eabi" "0.1.7"
    "@snazzah/davey-android-arm64" "0.1.7"
    "@snazzah/davey-darwin-arm64" "0.1.7"
    "@snazzah/davey-darwin-x64" "0.1.7"
    "@snazzah/davey-freebsd-x64" "0.1.7"
    "@snazzah/davey-linux-arm-gnueabihf" "0.1.7"
    "@snazzah/davey-linux-arm64-gnu" "0.1.7"
    "@snazzah/davey-linux-arm64-musl" "0.1.7"
    "@snazzah/davey-linux-x64-gnu" "0.1.7"
    "@snazzah/davey-linux-x64-musl" "0.1.7"
    "@snazzah/davey-wasm32-wasi" "0.1.7"
    "@snazzah/davey-win32-arm64-msvc" "0.1.7"
    "@snazzah/davey-win32-ia32-msvc" "0.1.7"
    "@snazzah/davey-win32-x64-msvc" "0.1.7"

"@tsconfig/node10@^1.0.7":
  version "1.0.11"
  resolved "https://registry.npmjs.org/@tsconfig/node10/-/node10-1.0.11.tgz"
  integrity sha512-DcRjDCujK/kCk/cUe8Xz8ZSpm8mS3mNNpta+jGCA6USEDfktlNvm1+IuZ9eTcDbNk41BHwpHHeW+N1lKCz4zOw==

"@tsconfig/node12@^1.0.7":
  version "1.0.11"
  resolved "https://registry.npmjs.org/@tsconfig/node12/-/node12-1.0.11.tgz"
  integrity sha512-cqefuRsh12pWyGsIoBKJA9luFu3mRxCA+ORZvA4ktLSzIuCUtWVxGIuXigEwO5/ywWFMZ2QEGKWvkZG1zDMTag==

"@tsconfig/node14@^1.0.0":
  version "1.0.3"
  resolved "https://registry.npmjs.org/@tsconfig/node14/-/node14-1.0.3.tgz"
  integrity sha512-ysT8mhdixWK6Hw3i1V2AeRqZ5WfXg1G43mqoYlM2nc6388Fq5jcXyr5mRsqViLx/GJYdoL0bfXD8nmF+Zn/Iow==

"@tsconfig/node16@^1.0.2":
  version "1.0.4"
  resolved "https://registry.npmjs.org/@tsconfig/node16/-/node16-1.0.4.tgz"
  integrity sha512-vxhUy4J8lyeyinH7Azl1pdd43GJhZH/tP2weN8TntQblOY+A0XbT8DJk1/oCPuOOyg/Ja757rG0CgHcWC8OfMA==

"@tybys/wasm-util@^0.10.1":
  version "0.10.1"
  resolved "https://registry.yarnpkg.com/@tybys/wasm-util/-/wasm-util-0.10.1.tgz#ecddd3205cf1e2d5274649ff0eedd2991ed7f414"
  integrity sha512-9tTaPJLSiejZKx+Bmog4uSubteqTvFrVrURwkmHixBo0G4seD0zUxp98E1DzUBJxLQ3NPwXrGKDiVjwx/DpPsg==
  dependencies:
    tslib "^2.4.0"

"@types/node@*", "@types/node@^24.9.1":
  version "24.9.1"
  resolved "https://registry.npmjs.org/@types/node/-/node-24.9.1.tgz"
  integrity sha512-QoiaXANRkSXK6p0Duvt56W208du4P9Uye9hWLWgGMDTEoKPhuenzNcC4vGUmrNkiOKTlIrBoyNQYNpSwfEZXSg==
  dependencies:
    undici-types "~7.16.0"

"@types/ws@^8.18.1", "@types/ws@^8.5.10":
  version "8.18.1"
  resolved "https://registry.npmjs.org/@types/ws/-/ws-8.18.1.tgz"
  integrity sha512-ThVF6DCVhA8kUGy+aazFQ4kXQ7E1Ty7A3ypFOe0IcJV8O/M511G99AW24irKrW56Wt44yG9+ij8FaqoBGkuBXg==
  dependencies:
    "@types/node" "*"

"@vladfrangu/async_event_emitter@^2.2.4", "@vladfrangu/async_event_emitter@^2.4.6":
  version "2.4.7"
  resolved "https://registry.npmjs.org/@vladfrangu/async_event_emitter/-/async_event_emitter-2.4.7.tgz"
  integrity sha512-Xfe6rpCTxSxfbswi/W/Pz7zp1WWSNn4A0eW4mLkQUewCrXXtMj31lCg+iQyTkh/CkusZSq9eDflu7tjEDXUY6g==

acorn-walk@^8.1.1:
  version "8.3.4"
  resolved "https://registry.npmjs.org/acorn-walk/-/acorn-walk-8.3.4.tgz"
  integrity sha512-ueEepnujpqee2o5aIYnvHU6C0A42MNdsIDeqy5BydrkuC5R1ZuUFnm27EeFJGoEHJQgn3uleRvmTXaJgfXbt4g==
  dependencies:
    acorn "^8.11.0"

acorn@^8.11.0, acorn@^8.4.1:
  version "8.15.0"
  resolved "https://registry.npmjs.org/acorn/-/acorn-8.15.0.tgz"
  integrity sha512-NZyJarBfL7nWwIq+FDL6Zp/yHEhePMNnnJ0y3qfieCrmNvYct8uvtiV41UvlSe6apAfk0fY1FbWx+NwfmpvtTg==

arg@^4.1.0:
  version "4.1.3"
  resolved "https://registry.npmjs.org/arg/-/arg-4.1.3.tgz"
  integrity sha512-58S9QDqG0Xx27YwPSt9fJxivjYl432YCwfDMfZ+71RAqUrZef7LrKQZ3LHLOwCS4FLNBplP533Zx895SeOCHvA==

create-require@^1.1.0:
  version "1.1.1"
  resolved "https://registry.npmjs.org/create-require/-/create-require-1.1.1.tgz"
  integrity sha512-dcKFX3jn0MpIaXjisoRvexIJVEKzaq7z2rZKxf+MSr9TkdmHmsU4m2lcLojrj/FHl8mk5VxMmYA+ftRkP/3oKQ==

diff@^4.0.1:
  version "4.0.2"
  resolved "https://registry.npmjs.org/diff/-/diff-4.0.2.tgz"
  integrity sha512-58lmxKSA4BNyLz+HHMUzlOEpg09FV+ev6ZMe3vJihgdxzgcwZ8VoEEPmALCZG9LmqfVoNMMKpttIYTVG6uDY7A==

discord-api-types@^0.38.1, discord-api-types@^0.38.16, discord-api-types@^0.38.26, discord-api-types@^0.38.29:
  version "0.38.30"
  resolved "https://registry.npmjs.org/discord-api-types/-/discord-api-types-0.38.30.tgz"
  integrity sha512-KhAqlBrg+rVK+Ob7INMF5o63yW4/GUzRatG/AjyVsIO8lgcLyR8qCl2HokIVzWwmzkJYG0CEPXsKMOqau3E8NA==

discord.js@^14.23.2:
  version "14.23.2"
  resolved "https://registry.npmjs.org/discord.js/-/discord.js-14.23.2.tgz"
  integrity sha512-tU2NFr823X3TXEc8KyR/4m296KLxPai4nirN3q9kHCpY4TKj96n9lHZnyLzRNMui8EbL07jg9hgH2PWWfKMGIg==
  dependencies:
    "@discordjs/builders" "^1.12.1"
    "@discordjs/collection" "1.5.3"
    "@discordjs/formatters" "^0.6.1"
    "@discordjs/rest" "^2.6.0"
    "@discordjs/util" "^1.1.1"
    "@discordjs/ws" "^1.2.3"
    "@sapphire/snowflake" "3.5.3"
    discord-api-types "^0.38.29"
    fast-deep-equal "3.1.3"
    lodash.snakecase "4.1.1"
    magic-bytes.js "^1.10.0"
    tslib "^2.6.3"
    undici "6.21.3"

dotenv@^17.2.3:
  version "17.2.3"
  resolved "https://registry.npmjs.org/dotenv/-/dotenv-17.2.3.tgz"
  integrity sha512-JVUnt+DUIzu87TABbhPmNfVdBDt18BLOWjMUFJMSi/Qqg7NTYtabbvSNJGOJ7afbRuv9D/lngizHtP7QyLQ+9w==

fast-deep-equal@3.1.3, fast-deep-equal@^3.1.3:
  version "3.1.3"
  resolved "https://registry.npmjs.org/fast-deep-equal/-/fast-deep-equal-3.1.3.tgz"
  integrity sha512-f3qQ9oQy9j2AhBe/H9VC91wLmKBCCU/gDOnKNAYG5hswO7BLKj09Hc5HYNz9cGI++xlpDCIgDaitVs03ATR84Q==

lavalink-client@^2.6.2:
  version "2.6.2"
  resolved "https://registry.npmjs.org/lavalink-client/-/lavalink-client-2.6.2.tgz"
  integrity sha512-J1Wrz0YILAI9CDbjrV8B1cEmiI9Pa1eU2OZrAQ6LaOUSsW0bglK47aqOZnzkrmQV4d+ebw99rgKQWKHZnTZCDg==
  dependencies:
    tslib "^2.8.1"
    ws "^8.18.3"

lodash.snakecase@4.1.1:
  version "4.1.1"
  resolved "https://registry.npmjs.org/lodash.snakecase/-/lodash.snakecase-4.1.1.tgz"
  integrity sha512-QZ1d4xoBHYUeuouhEq3lk3Uq7ldgyFXGBhg04+oRLnIz8o9T65Eh+8YdroUwn846zchkA9yDsDl5CVVaV2nqYw==

lodash@^4.17.21:
  version "4.17.21"
  resolved "https://registry.npmjs.org/lodash/-/lodash-4.17.21.tgz"
  integrity sha512-v2kDEe57lecTulaDIuNTPy3Ry4gLGJ6Z1O3vE1krgXZNrsQ+LFTGHVxVjcXPs17LhbZVGedAJv8XZ1tvj5FvSg==

magic-bytes.js@^1.10.0:
  version "1.12.1"
  resolved "https://registry.npmjs.org/magic-bytes.js/-/magic-bytes.js-1.12.1.tgz"
  integrity sha512-ThQLOhN86ZkJ7qemtVRGYM+gRgR8GEXNli9H/PMvpnZsE44Xfh3wx9kGJaldg314v85m+bFW6WBMaVHJc/c3zA==

make-error@^1.1.1:
  version "1.3.6"
  resolved "https://registry.npmjs.org/make-error/-/make-error-1.3.6.tgz"
  integrity sha512-s8UhlNe7vPKomQhC1qFelMokr/Sc3AgNbso3n74mVPA5LTZwkB9NlXf4XPamLxJE8h0gh73rM94xvwRT2CVInw==

parse-ms@^4.0.0:
  version "4.0.0"
  resolved "https://registry.yarnpkg.com/parse-ms/-/parse-ms-4.0.0.tgz#c0c058edd47c2a590151a718990533fd62803df4"
  integrity sha512-TXfryirbmq34y8QBwgqCVLi+8oA3oWx2eAnSn62ITyEhEYaWRlVZ2DvMM9eZbMs/RfxPu/PK/aBLyGj4IrqMHw==

pretty-ms@^9.3.0:
  version "9.3.0"
  resolved "https://registry.yarnpkg.com/pretty-ms/-/pretty-ms-9.3.0.tgz#dd2524fcb3c326b4931b2272dfd1e1a8ed9a9f5a"
  integrity sha512-gjVS5hOP+M3wMm5nmNOucbIrqudzs9v/57bWRHQWLYklXqoXKrVfYW2W9+glfGsqtPgpiz5WwyEEB+ksXIx3gQ==
  dependencies:
    parse-ms "^4.0.0"

prism-media@^1.3.5:
  version "1.3.5"
  resolved "https://registry.yarnpkg.com/prism-media/-/prism-media-1.3.5.tgz#ea1533229f304a1b774b158de40e98c765db0aa6"
  integrity sha512-IQdl0Q01m4LrkN1EGIE9lphov5Hy7WWlH6ulf5QdGePLlPas9p2mhgddTEHrlaXYjjFToM1/rWuwF37VF4taaA==

ts-mixer@^6.0.4:
  version "6.0.4"
  resolved "https://registry.npmjs.org/ts-mixer/-/ts-mixer-6.0.4.tgz"
  integrity sha512-ufKpbmrugz5Aou4wcr5Wc1UUFWOLhq+Fm6qa6P0w0K5Qw2yhaUoiWszhCVuNQyNwrlGiscHOmqYoAox1PtvgjA==

ts-node@^10.9.2:
  version "10.9.2"
  resolved "https://registry.npmjs.org/ts-node/-/ts-node-10.9.2.tgz"
  integrity sha512-f0FFpIdcHgn8zcPSbf1dRevwt047YMnaiJM3u2w2RewrB+fob/zePZcrOyQoLMMO7aBIddLcQIEK5dYjkLnGrQ==
  dependencies:
    "@cspotcode/source-map-support" "^0.8.0"
    "@tsconfig/node10" "^1.0.7"
    "@tsconfig/node12" "^1.0.7"
    "@tsconfig/node14" "^1.0.0"
    "@tsconfig/node16" "^1.0.2"
    acorn "^8.4.1"
    acorn-walk "^8.1.1"
    arg "^4.1.0"
    create-require "^1.1.0"
    diff "^4.0.1"
    make-error "^1.1.1"
    v8-compile-cache-lib "^3.0.1"
    yn "3.1.1"

tslib@^2.4.0, tslib@^2.6.2, tslib@^2.6.3, tslib@^2.8.1:
  version "2.8.1"
  resolved "https://registry.npmjs.org/tslib/-/tslib-2.8.1.tgz"
  integrity sha512-oJFu94HQb+KVduSUQL7wnpmqnfmLsOA/nAh6b6EH0wCEoK0/mPeXU6c3wKDV83MkOuHPRHtSXKKU99IBazS/2w==

typescript@5.9.3:
  version "5.9.3"
  resolved "https://registry.npmjs.org/typescript/-/typescript-5.9.3.tgz"
  integrity sha512-jl1vZzPDinLr9eUt3J/t7V6FgNEw9QjvBPdysz9KfQDD41fQrC2Y4vKQdiaUpFT4bXlb1RHhLpp8wtm6M5TgSw==

undici-types@~7.16.0:
  version "7.16.0"
  resolved "https://registry.npmjs.org/undici-types/-/undici-types-7.16.0.tgz"
  integrity sha512-Zz+aZWSj8LE6zoxD+xrjh4VfkIG8Ya6LvYkZqtUQGJPZjYl53ypCaUwWqo7eI0x66KBGeRo+mlBEkMSeSZ38Nw==

undici@6.21.3:
  version "6.21.3"
  resolved "https://registry.npmjs.org/undici/-/undici-6.21.3.tgz"
  integrity sha512-gBLkYIlEnSp8pFbT64yFgGE6UIB9tAkhukC23PmMDCe5Nd+cRqKxSjw5y54MK2AZMgZfJWMaNE4nYUHgi1XEOw==

v8-compile-cache-lib@^3.0.1:
  version "3.0.1"
  resolved "https://registry.npmjs.org/v8-compile-cache-lib/-/v8-compile-cache-lib-3.0.1.tgz"
  integrity sha512-wa7YjyUGfNZngI/vtK0UHAN+lgDCxBPCylVXGp0zu59Fz5aiGtNXaq3DhIov063MorB+VfufLh3JlF2KdTK3xg==

ws@^8.17.0, ws@^8.18.3:
  version "8.18.3"
  resolved "https://registry.npmjs.org/ws/-/ws-8.18.3.tgz"
  integrity sha512-PEIGCY5tSlUt50cqyMXfCzX+oOPqN0vuGqWzbcJ2xvnkzkq46oOpz7dQaTDBdfICb4N14+GARUDw2XV2N4tvzg==

yn@3.1.1:
  version "3.1.1"
  resolved "https://registry.npmjs.org/yn/-/yn-3.1.1.tgz"
  integrity sha512-Ux4ygGWsu2c7isFWe8Yu1YluJmqVhxqK2cLXNQA5AcC3QfbGNpM7fu0Y8b/z16pXLnFxZYvWhd3fhBY9DLmC6Q==
